
Microsoft Visual Studio Solution File, Format Version 12.00
# Visual Studio Version 17
VisualStudioVersion = 17.9.34728.123
MinimumVisualStudioVersion = 10.0.40219.1
Project("{FAE04EC0-301F-11D3-BF4B-00C04F79EFBC}") = "Assignment_5.1.3", "Assignment_5.1.3\Assignment_5.1.3.csproj", "{679375D4-BEE9-4E60-8FDC-798688965B49}"
EndProject
Global
	GlobalSection(SolutionConfigurationPlatforms) = preSolution
		Debug|Any CPU = Debug|Any CPU
		Release|Any CPU = Release|Any CPU
	EndGlobalSection
	GlobalSection(ProjectConfigurationPlatforms) = postSolution
		{679375D4-BEE9-4E60-8FDC-798688965B49}.Debug|Any CPU.ActiveCfg = Debug|Any CPU
		{679375D4-BEE9-4E60-8FDC-798688965B49}.Debug|Any CPU.Build.0 = Debug|Any CPU
		{679375D4-BEE9-4E60-8FDC-798688965B49}.Release|Any CPU.ActiveCfg = Release|Any CPU
		{679375D4-BEE9-4E60-8FDC-798688965B49}.Release|Any CPU.Build.0 = Release|Any CPU
	EndGlobalSection
	GlobalSection(SolutionProperties) = preSolution
		HideSolutionNode = FALSE
	EndGlobalSection
	GlobalSection(ExtensibilityGlobals) = postSolution
		SolutionGuid = {315F8855-0F80-4CAF-ADB1-02017D8FD41C}
	EndGlobalSection
EndGlobal
